// !$*UTF8*$!
{
	archiveVersion = 1;
	classes = {
	};
	objectVersion = 56;
	objects = {

/* Begin PBXBuildFile section */
		097E317329E27A9E0089FB45 /* AppDelegate.swift in Sources */ = {isa = PBXBuildFile; fileRef = 097E317229E27A9E0089FB45 /* AppDelegate.swift */; };
		097E317529E27A9E0089FB45 /* SceneDelegate.swift in Sources */ = {isa = PBXBuildFile; fileRef = 097E317429E27A9E0089FB45 /* SceneDelegate.swift */; };
		097E317729E27A9E0089FB45 /* ViewController.swift in Sources */ = {isa = PBXBuildFile; fileRef = 097E317629E27A9E0089FB45 /* ViewController.swift */; };
		097E317A29E27A9E0089FB45 /* Main.storyboard in Resources */ = {isa = PBXBuildFile; fileRef = 097E317829E27A9E0089FB45 /* Main.storyboard */; };
		097E317C29E27A9F0089FB45 /* Assets.xcassets in Resources */ = {isa = PBXBuildFile; fileRef = 097E317B29E27A9F0089FB45 /* Assets.xcassets */; };
		097E317F29E27A9F0089FB45 /* LaunchScreen.storyboard in Resources */ = {isa = PBXBuildFile; fileRef = 097E317D29E27A9F0089FB45 /* LaunchScreen.storyboard */; };
		097E318A29E27A9F0089FB45 /* CustomCameraClassdemoTests.swift in Sources */ = {isa = PBXBuildFile; fileRef = 097E318929E27A9F0089FB45 /* CustomCameraClassdemoTests.swift */; };
		097E319429E27A9F0089FB45 /* CustomCameraClassdemoUITests.swift in Sources */ = {isa = PBXBuildFile; fileRef = 097E319329E27A9F0089FB45 /* CustomCameraClassdemoUITests.swift */; };
		097E319629E27A9F0089FB45 /* CustomCameraClassdemoUITestsLaunchTests.swift in Sources */ = {isa = PBXBuildFile; fileRef = 097E319529E27A9F0089FB45 /* CustomCameraClassdemoUITestsLaunchTests.swift */; };
		097E31AA29E305620089FB45 /* SecondViewController.swift in Sources */ = {isa = PBXBuildFile; fileRef = 097E31A929E305620089FB45 /* SecondViewController.swift */; };
/* End PBXBuildFile section */

/* Begin PBXContainerItemProxy section */
		097E318629E27A9F0089FB45 /* PBXContainerItemProxy */ = {
			isa = PBXContainerItemProxy;
			containerPortal = 097E316729E27A9E0089FB45 /* Project object */;
			proxyType = 1;
			remoteGlobalIDString = 097E316E29E27A9E0089FB45;
			remoteInfo = CustomCameraClassdemo;
		};
		097E319029E27A9F0089FB45 /* PBXContainerItemProxy */ = {
			isa = PBXContainerItemProxy;
			containerPortal = 097E316729E27A9E0089FB45 /* Project object */;
			proxyType = 1;
			remoteGlobalIDString = 097E316E29E27A9E0089FB45;
			remoteInfo = CustomCameraClassdemo;
		};
/* End PBXContainerItemProxy section */

/* Begin PBXFileReference section */
		097E316F29E27A9E0089FB45 /* CustomCameraClassdemo.app */ = {isa = PBXFileReference; explicitFileType = wrapper.application; includeInIndex = 0; path = CustomCameraClassdemo.app; sourceTree = BUILT_PRODUCTS_DIR; };
		097E317229E27A9E0089FB45 /* AppDelegate.swift */ = {isa = PBXFileReference; lastKnownFileType = sourcecode.swift; path = AppDelegate.swift; sourceTree = "<group>"; };
		097E317429E27A9E0089FB45 /* SceneDelegate.swift */ = {isa = PBXFileReference; lastKnownFileType = sourcecode.swift; path = SceneDelegate.swift; sourceTree = "<group>"; };
		097E317629E27A9E0089FB45 /* ViewController.swift */ = {isa = PBXFileReference; lastKnownFileType = sourcecode.swift; path = ViewController.swift; sourceTree = "<group>"; };
		097E317929E27A9E0089FB45 /* Base */ = {isa = PBXFileReference; lastKnownFileType = file.storyboard; name = Base; path = Base.lproj/Main.storyboard; sourceTree = "<group>"; };
		097E317B29E27A9F0089FB45 /* Assets.xcassets */ = {isa = PBXFileReference; lastKnownFileType = folder.assetcatalog; path = Assets.xcassets; sourceTree = "<group>"; };
		097E317E29E27A9F0089FB45 /* Base */ = {isa = PBXFileReference; lastKnownFileType = file.storyboard; name = Base; path = Base.lproj/LaunchScreen.storyboard; sourceTree = "<group>"; };
		097E318029E27A9F0089FB45 /* Info.plist */ = {isa = PBXFileReference; lastKnownFileType = text.plist.xml; path = Info.plist; sourceTree = "<group>"; };
		097E318529E27A9F0089FB45 /* CustomCameraClassdemoTests.xctest */ = {isa = PBXFileReference; explicitFileType = wrapper.cfbundle; includeInIndex = 0; path = CustomCameraClassdemoTests.xctest; sourceTree = BUILT_PRODUCTS_DIR; };
		097E318929E27A9F0089FB45 /* CustomCameraClassdemoTests.swift */ = {isa = PBXFileReference; lastKnownFileType = sourcecode.swift; path = CustomCameraClassdemoTests.swift; sourceTree = "<group>"; };
		097E318F29E27A9F0089FB45 /* CustomCameraClassdemoUITests.xctest */ = {isa = PBXFileReference; explicitFileType = wrapper.cfbundle; includeInIndex = 0; path = CustomCameraClassdemoUITests.xctest; sourceTree = BUILT_PRODUCTS_DIR; };
		097E319329E27A9F0089FB45 /* CustomCameraClassdemoUITests.swift */ = {isa = PBXFileReference; lastKnownFileType = sourcecode.swift; path = CustomCameraClassdemoUITests.swift; sourceTree = "<group>"; };
		097E319529E27A9F0089FB45 /* CustomCameraClassdemoUITestsLaunchTests.swift */ = {isa = PBXFileReference; lastKnownFileType = sourcecode.swift; path = CustomCameraClassdemoUITestsLaunchTests.swift; sourceTree = "<group>"; };
		097E31A929E305620089FB45 /* SecondViewController.swift */ = {isa = PBXFileReference; lastKnownFileType = sourcecode.swift; path = SecondViewController.swift; sourceTree = "<group>"; };
/* End PBXFileReference section */

/* Begin PBXFrameworksBuildPhase section */
		097E316C29E27A9E0089FB45 /* Frameworks */ = {
			isa = PBXFrameworksBuildPhase;
			buildActionMask = 2147483647;
			files = (
			);
			runOnlyForDeploymentPostprocessing = 0;
		};
		097E318229E27A9F0089FB45 /* Frameworks */ = {
			isa = PBXFrameworksBuildPhase;
			buildActionMask = 2147483647;
			files = (
			);
			runOnlyForDeploymentPostprocessing = 0;
		};
		097E318C29E27A9F0089FB45 /* Frameworks */ = {
			isa = PBXFrameworksBuildPhase;
			buildActionMask = 2147483647;
			files = (
			);
			runOnlyForDeploymentPostprocessing = 0;
		};
/* End PBXFrameworksBuildPhase section */

/* Begin PBXGroup section */
		097E316629E27A9E0089FB45 = {
			isa = PBXGroup;
			children = (
				097E317129E27A9E0089FB45 /* CustomCameraClassdemo */,
				097E318829E27A9F0089FB45 /* CustomCameraClassdemoTests */,
				097E319229E27A9F0089FB45 /* CustomCameraClassdemoUITests */,
				097E317029E27A9E0089FB45 /* Products */,
			);
			sourceTree = "<group>";
		};
		097E317029E27A9E0089FB45 /* Products */ = {
			isa = PBXGroup;
			children = (
				097E316F29E27A9E0089FB45 /* CustomCameraClassdemo.app */,
				097E318529E27A9F0089FB45 /* CustomCameraClassdemoTests.xctest */,
				097E318F29E27A9F0089FB45 /* CustomCameraClassdemoUITests.xctest */,
			);
			name = Products;
			sourceTree = "<group>";
		};
		097E317129E27A9E0089FB45 /* CustomCameraClassdemo */ = {
			isa = PBXGroup;
			children = (
				097E317229E27A9E0089FB45 /* AppDelegate.swift */,
				097E317429E27A9E0089FB45 /* SceneDelegate.swift */,
				097E317629E27A9E0089FB45 /* ViewController.swift */,
				097E317829E27A9E0089FB45 /* Main.storyboard */,
				097E31A929E305620089FB45 /* SecondViewController.swift */,
				097E317B29E27A9F0089FB45 /* Assets.xcassets */,
				097E317D29E27A9F0089FB45 /* LaunchScreen.storyboard */,
				097E318029E27A9F0089FB45 /* Info.plist */,
			);
			path = CustomCameraClassdemo;
			sourceTree = "<group>";
		};
		097E318829E27A9F0089FB45 /* CustomCameraClassdemoTests */ = {
			isa = PBXGroup;
			children = (
				097E318929E27A9F0089FB45 /* CustomCameraClassdemoTests.swift */,
			);
			path = CustomCameraClassdemoTests;
			sourceTree = "<group>";
		};
		097E319229E27A9F0089FB45 /* CustomCameraClassdemoUITests */ = {
			isa = PBXGroup;
			children = (
				097E319329E27A9F0089FB45 /* CustomCameraClassdemoUITests.swift */,
				097E319529E27A9F0089FB45 /* CustomCameraClassdemoUITestsLaunchTests.swift */,
			);
			path = CustomCameraClassdemoUITests;
			sourceTree = "<group>";
		};
/* End PBXGroup section */

/* Begin PBXNativeTarget section */
		097E316E29E27A9E0089FB45 /* CustomCameraClassdemo */ = {
			isa = PBXNativeTarget;
			buildConfigurationList = 097E319929E27A9F0089FB45 /* Build configuration list for PBXNativeTarget "CustomCameraClassdemo" */;
			buildPhases = (
				097E316B29E27A9E0089FB45 /* Sources */,
				097E316C29E27A9E0089FB45 /* Frameworks */,
				097E316D29E27A9E0089FB45 /* Resources */,
			);
			buildRules = (
			);
			dependencies = (
			);
			name = CustomCameraClassdemo;
			productName = CustomCameraClassdemo;
			productReference = 097E316F29E27A9E0089FB45 /* CustomCameraClassdemo.app */;
			productType = "com.apple.product-type.application";
		};
		097E318429E27A9F0089FB45 /* CustomCameraClassdemoTests */ = {
			isa = PBXNativeTarget;
			buildConfigurationList = 097E319C29E27A9F0089FB45 /* Build configuration list for PBXNativeTarget "CustomCameraClassdemoTests" */;
			buildPhases = (
				097E318129E27A9F0089FB45 /* Sources */,
				097E318229E27A9F0089FB45 /* Frameworks */,
				097E318329E27A9F0089FB45 /* Resources */,
			);
			buildRules = (
			);
			dependencies = (
				097E318729E27A9F0089FB45 /* PBXTargetDependency */,
			);
			name = CustomCameraClassdemoTests;
			productName = CustomCameraClassdemoTests;
			productReference = 097E318529E27A9F0089FB45 /* CustomCameraClassdemoTests.xctest */;
			productType = "com.apple.product-type.bundle.unit-test";
		};
		097E318E29E27A9F0089FB45 /* CustomCameraClassdemoUITests */ = {
			isa = PBXNativeTarget;
			buildConfigurationList = 097E319F29E27A9F0089FB45 /* Build configuration list for PBXNativeTarget "CustomCameraClassdemoUITests" */;
			buildPhases = (
				097E318B29E27A9F0089FB45 /* Sources */,
				097E318C29E27A9F0089FB45 /* Frameworks */,
				097E318D29E27A9F0089FB45 /* Resources */,
			);
			buildRules = (
			);
			dependencies = (
				097E319129E27A9F0089FB45 /* PBXTargetDependency */,
			);
			name = CustomCameraClassdemoUITests;
			productName = CustomCameraClassdemoUITests;
			productReference = 097E318F29E27A9F0089FB45 /* CustomCameraClassdemoUITests.xctest */;
			productType = "com.apple.product-type.bundle.ui-testing";
		};
/* End PBXNativeTarget section */

/* Begin PBXProject section */
		097E316729E27A9E0089FB45 /* Project object */ = {
			isa = PBXProject;
			attributes = {
				BuildIndependentTargetsInParallel = 1;
				LastSwiftUpdateCheck = 1400;
				LastUpgradeCheck = 1400;
				TargetAttributes = {
					097E316E29E27A9E0089FB45 = {
						CreatedOnToolsVersion = 14.0;
					};
					097E318429E27A9F0089FB45 = {
						CreatedOnToolsVersion = 14.0;
						TestTargetID = 097E316E29E27A9E0089FB45;
					};
					097E318E29E27A9F0089FB45 = {
						CreatedOnToolsVersion = 14.0;
						TestTargetID = 097E316E29E27A9E0089FB45;
					};
				};
			};
			buildConfigurationList = 097E316A29E27A9E0089FB45 /* Build configuration list for PBXProject "CustomCameraClassdemo" */;
			compatibilityVersion = "Xcode 14.0";
			developmentRegion = en;
			hasScannedForEncodings = 0;
			knownRegions = (
				en,
				Base,
			);
			mainGroup = 097E316629E27A9E0089FB45;
			productRefGroup = 097E317029E27A9E0089FB45 /* Products */;
			projectDirPath = "";
			projectRoot = "";
			targets = (
				097E316E29E27A9E0089FB45 /* CustomCameraClassdemo */,
				097E318429E27A9F0089FB45 /* CustomCameraClassdemoTests */,
				097E318E29E27A9F0089FB45 /* CustomCameraClassdemoUITests */,
			);
		};
/* End PBXProject section */

/* Begin PBXResourcesBuildPhase section */
		097E316D29E27A9E0089FB45 /* Resources */ = {
			isa = PBXResourcesBuildPhase;
			buildActionMask = 2147483647;
			files = (
				097E317F29E27A9F0089FB45 /* LaunchScreen.storyboard in Resources */,
				097E317C29E27A9F0089FB45 /* Assets.xcassets in Resources */,
				097E317A29E27A9E0089FB45 /* Main.storyboard in Resources */,
			);
			runOnlyForDeploymentPostprocessing = 0;
		};
		097E318329E27A9F0089FB45 /* Resources */ = {
			isa = PBXResourcesBuildPhase;
			buildActionMask = 2147483647;
			files = (
			);
			runOnlyForDeploymentPostprocessing = 0;
		};
		097E318D29E27A9F0089FB45 /* Resources */ = {
			isa = PBXResourcesBuildPhase;
			buildActionMask = 2147483647;
			files = (
			);
			runOnlyForDeploymentPostprocessing = 0;
		};
/* End PBXResourcesBuildPhase section */

/* Begin PBXSourcesBuildPhase section */
		097E316B29E27A9E0089FB45 /* Sources */ = {
			isa = PBXSourcesBuildPhase;
			buildActionMask = 2147483647;
			files = (
				097E31AA29E305620089FB45 /* SecondViewController.swift in Sources */,
				097E317729E27A9E0089FB45 /* ViewController.swift in Sources */,
				097E317329E27A9E0089FB45 /* AppDelegate.swift in Sources */,
				097E317529E27A9E0089FB45 /* SceneDelegate.swift in Sources */,
			);
			runOnlyForDeploymentPostprocessing = 0;
		};
		097E318129E27A9F0089FB45 /* Sources */ = {
			isa = PBXSourcesBuildPhase;
			buildActionMask = 2147483647;
			files = (
				097E318A29E27A9F0089FB45 /* CustomCameraClassdemoTests.swift in Sources */,
			);
			runOnlyForDeploymentPostprocessing = 0;
		};
		097E318B29E27A9F0089FB45 /* Sources */ = {
			isa = PBXSourcesBuildPhase;
			buildActionMask = 2147483647;
			files = (
				097E319629E27A9F0089FB45 /* CustomCameraClassdemoUITestsLaunchTests.swift in Sources */,
				097E319429E27A9F0089FB45 /* CustomCameraClassdemoUITests.swift in Sources */,
			);
			runOnlyForDeploymentPostprocessing = 0;
		};
/* End PBXSourcesBuildPhase section */

/* Begin PBXTargetDependency section */
		097E318729E27A9F0089FB45 /* PBXTargetDependency */ = {
			isa = PBXTargetDependency;
			target = 097E316E29E27A9E0089FB45 /* CustomCameraClassdemo */;
			targetProxy = 097E318629E27A9F0089FB45 /* PBXContainerItemProxy */;
		};
		097E319129E27A9F0089FB45 /* PBXTargetDependency */ = {
			isa = PBXTargetDependency;
			target = 097E316E29E27A9E0089FB45 /* CustomCameraClassdemo */;
			targetProxy = 097E319029E27A9F0089FB45 /* PBXContainerItemProxy */;
		};
/* End PBXTargetDependency section */

/* Begin PBXVariantGroup section */
		097E317829E27A9E0089FB45 /* Main.storyboard */ = {
			isa = PBXVariantGroup;
			children = (
				097E317929E27A9E0089FB45 /* Base */,
			);
			name = Main.storyboard;
			sourceTree = "<group>";
		};
		097E317D29E27A9F0089FB45 /* LaunchScreen.storyboard */ = {
			isa = PBXVariantGroup;
			children = (
				097E317E29E27A9F0089FB45 /* Base */,
			);
			name = LaunchScreen.storyboard;
			sourceTree = "<group>";
		};
/* End PBXVariantGroup section */

/* Begin XCBuildConfiguration section */
		097E319729E27A9F0089FB45 /* Debug */ = {
			isa = XCBuildConfiguration;
			buildSettings = {
				ALWAYS_SEARCH_USER_PATHS = NO;
				CLANG_ANALYZER_NONNULL = YES;
				CLANG_ANALYZER_NUMBER_OBJECT_CONVERSION = YES_AGGRESSIVE;
				CLANG_CXX_LANGUAGE_STANDARD = "gnu++20";
				CLANG_ENABLE_MODULES = YES;
				CLANG_ENABLE_OBJC_ARC = YES;
				CLANG_ENABLE_OBJC_WEAK = YES;
				CLANG_WARN_BLOCK_CAPTURE_AUTORELEASING = YES;
				CLANG_WARN_BOOL_CONVERSION = YES;
				CLANG_WARN_COMMA = YES;
				CLANG_WARN_CONSTANT_CONVERSION = YES;
				CLANG_WARN_DEPRECATED_OBJC_IMPLEMENTATIONS = YES;
				CLANG_WARN_DIRECT_OBJC_ISA_USAGE = YES_ERROR;
				CLANG_WARN_DOCUMENTATION_COMMENTS = YES;
				CLANG_WARN_EMPTY_BODY = YES;
				CLANG_WARN_ENUM_CONVERSION = YES;
				CLANG_WARN_INFINITE_RECURSION = YES;
				CLANG_WARN_INT_CONVERSION = YES;
				CLANG_WARN_NON_LITERAL_NULL_CONVERSION = YES;
				CLANG_WARN_OBJC_IMPLICIT_RETAIN_SELF = YES;
				CLANG_WARN_OBJC_LITERAL_CONVERSION = YES;
				CLANG_WARN_OBJC_ROOT_CLASS = YES_ERROR;
				CLANG_WARN_QUOTED_INCLUDE_IN_FRAMEWORK_HEADER = YES;
				CLANG_WARN_RANGE_LOOP_ANALYSIS = YES;
				CLANG_WARN_STRICT_PROTOTYPES = YES;
				CLANG_WARN_SUSPICIOUS_MOVE = YES;
				CLANG_WARN_UNGUARDED_AVAILABILITY = YES_AGGRESSIVE;
				CLANG_WARN_UNREACHABLE_CODE = YES;
				CLANG_WARN__DUPLICATE_METHOD_MATCH = YES;
				COPY_PHASE_STRIP = NO;
				DEBUG_INFORMATION_FORMAT = dwarf;
				ENABLE_STRICT_OBJC_MSGSEND = YES;
				ENABLE_TESTABILITY = YES;
				GCC_C_LANGUAGE_STANDARD = gnu11;
				GCC_DYNAMIC_NO_PIC = NO;
				GCC_NO_COMMON_BLOCKS = YES;
				GCC_OPTIMIZATION_LEVEL = 0;
				GCC_PREPROCESSOR_DEFINITIONS = (
					"DEBUG=1",
					"$(inherited)",
				);
				GCC_WARN_64_TO_32_BIT_CONVERSION = YES;
				GCC_WARN_ABOUT_RETURN_TYPE = YES_ERROR;
				GCC_WARN_UNDECLARED_SELECTOR = YES;
				GCC_WARN_UNINITIALIZED_AUTOS = YES_AGGRESSIVE;
				GCC_WARN_UNUSED_FUNCTION = YES;
				GCC_WARN_UNUSED_VARIABLE = YES;
				IPHONEOS_DEPLOYMENT_TARGET = 16.0;
				MTL_ENABLE_DEBUG_INFO = INCLUDE_SOURCE;
				MTL_FAST_MATH = YES;
				ONLY_ACTIVE_ARCH = YES;
				SDKROOT = iphoneos;
				SWIFT_ACTIVE_COMPILATION_CONDITIONS = DEBUG;
				SWIFT_OPTIMIZATION_LEVEL = "-Onone";
			};
			name = Debug;
		};
		097E319829E27A9F0089FB45 /* Release */ = {
			isa = XCBuildConfiguration;
			buildSettings = {
				ALWAYS_SEARCH_USER_PATHS = NO;
				CLANG_ANALYZER_NONNULL = YES;
				CLANG_ANALYZER_NUMBER_OBJECT_CONVERSION = YES_AGGRESSIVE;
				CLANG_CXX_LANGUAGE_STANDARD = "gnu++20";
				CLANG_ENABLE_MODULES = YES;
				CLANG_ENABLE_OBJC_ARC = YES;
				CLANG_ENABLE_OBJC_WEAK = YES;
				CLANG_WARN_BLOCK_CAPTURE_AUTORELEASING = YES;
				CLANG_WARN_BOOL_CONVERSION = YES;
				CLANG_WARN_COMMA = YES;
				CLANG_WARN_CONSTANT_CONVERSION = YES;
				CLANG_WARN_DEPRECATED_OBJC_IMPLEMENTATIONS = YES;
				CLANG_WARN_DIRECT_OBJC_ISA_USAGE = YES_ERROR;
				CLANG_WARN_DOCUMENTATION_COMMENTS = YES;
				CLANG_WARN_EMPTY_BODY = YES;
				CLANG_WARN_ENUM_CONVERSION = YES;
				CLANG_WARN_INFINITE_RECURSION = YES;
				CLANG_WARN_INT_CONVERSION = YES;
				CLANG_WARN_NON_LITERAL_NULL_CONVERSION = YES;
				CLANG_WARN_OBJC_IMPLICIT_RETAIN_SELF = YES;
				CLANG_WARN_OBJC_LITERAL_CONVERSION = YES;
				CLANG_WARN_OBJC_ROOT_CLASS = YES_ERROR;
				CLANG_WARN_QUOTED_INCLUDE_IN_FRAMEWORK_HEADER = YES;
				CLANG_WARN_RANGE_LOOP_ANALYSIS = YES;
				CLANG_WARN_STRICT_PROTOTYPES = YES;
				CLANG_WARN_SUSPICIOUS_MOVE = YES;
				CLANG_WARN_UNGUARDED_AVAILABILITY = YES_AGGRESSIVE;
				CLANG_WARN_UNREACHABLE_CODE = YES;
				CLANG_WARN__DUPLICATE_METHOD_MATCH = YES;
				COPY_PHASE_STRIP = NO;
				DEBUG_INFORMATION_FORMAT = "dwarf-with-dsym";
				ENABLE_NS_ASSERTIONS = NO;
				ENABLE_STRICT_OBJC_MSGSEND = YES;
				GCC_C_LANGUAGE_STANDARD = gnu11;
				GCC_NO_COMMON_BLOCKS = YES;
				GCC_WARN_64_TO_32_BIT_CONVERSION = YES;
				GCC_WARN_ABOUT_RETURN_TYPE = YES_ERROR;
				GCC_WARN_UNDECLARED_SELECTOR = YES;
				GCC_WARN_UNINITIALIZED_AUTOS = YES_AGGRESSIVE;
				GCC_WARN_UNUSED_FUNCTION = YES;
				GCC_WARN_UNUSED_VARIABLE = YES;
				IPHONEOS_DEPLOYMENT_TARGET = 16.0;
				MTL_ENABLE_DEBUG_INFO = NO;
				MTL_FAST_MATH = YES;
				SDKROOT = iphoneos;
				SWIFT_COMPILATION_MODE = wholemodule;
				SWIFT_OPTIMIZATION_LEVEL = "-O";
				VALIDATE_PRODUCT = YES;
			};
			name = Release;
		};
		097E319A29E27A9F0089FB45 /* Debug */ = {
			isa = XCBuildConfiguration;
			buildSettings = {
				ASSETCATALOG_COMPILER_APPICON_NAME = AppIcon;
				ASSETCATALOG_COMPILER_GLOBAL_ACCENT_COLOR_NAME = AccentColor;
				CODE_SIGN_STYLE = Automatic;
				CURRENT_PROJECT_VERSION = 1;
				DEVELOPMENT_TEAM = GL83HK55G6;
				GENERATE_INFOPLIST_FILE = YES;
				INFOPLIST_FILE = CustomCameraClassdemo/Info.plist;
				INFOPLIST_KEY_NSCameraUsageDescription = using;
				INFOPLIST_KEY_NSPhotoLibraryUsageDescription = use;
				INFOPLIST_KEY_UIApplicationSupportsIndirectInputEvents = YES;
				INFOPLIST_KEY_UILaunchStoryboardName = LaunchScreen;
				INFOPLIST_KEY_UIMainStoryboardFile = Main;
				INFOPLIST_KEY_UISupportedInterfaceOrientations_iPad = "UIInterfaceOrientationPortrait UIInterfaceOrientationPortraitUpsideDown UIInterfaceOrientationLandscapeLeft UIInterfaceOrientationLandscapeRight";
				INFOPLIST_KEY_UISupportedInterfaceOrientations_iPhone = "UIInterfaceOrientationPortrait UIInterfaceOrientationLandscapeLeft UIInterfaceOrientationLandscapeRight";
				IPHONEOS_DEPLOYMENT_TARGET = 15.0;
				LD_RUNPATH_SEARCH_PATHS = (
					"$(inherited)",
					"@executable_path/Frameworks",
				);
				MARKETING_VERSION = 1.0;
				PRODUCT_BUNDLE_IDENTIFIER = "-.CustomCameraClassdemo";
				PRODUCT_NAME = "$(TARGET_NAME)";
				SWIFT_EMIT_LOC_STRINGS = YES;
				SWIFT_VERSION = 5.0;
				TARGETED_DEVICE_FAMILY = "1,2";
			};
			name = Debug;
		};
		097E319B29E27A9F0089FB45 /* Release */ = {
			isa = XCBuildConfiguration;
			buildSettings = {
				ASSETCATALOG_COMPILER_APPICON_NAME = AppIcon;
				ASSETCATALOG_COMPILER_GLOBAL_ACCENT_COLOR_NAME = AccentColor;
				CODE_SIGN_STYLE = Automatic;
				CURRENT_PROJECT_VERSION = 1;
				DEVELOPMENT_TEAM = GL83HK55G6;
				GENERATE_INFOPLIST_FILE = YES;
				INFOPLIST_FILE = CustomCameraClassdemo/Info.plist;
				INFOPLIST_KEY_NSCameraUsageDescription = using;
				INFOPLIST_KEY_NSPhotoLibraryUsageDescription = use;
				INFOPLIST_KEY_UIApplicationSupportsIndirectInputEvents = YES;
				INFOPLIST_KEY_UILaunchStoryboardName = LaunchScreen;
				INFOPLIST_KEY_UIMainStoryboardFile = Main;
				INFOPLIST_KEY_UISupportedInterfaceOrientations_iPad = "UIInterfaceOrientationPortrait UIInterfaceOrientationPortraitUpsideDown UIInterfaceOrientationLandscapeLeft UIInterfaceOrientationLandscapeRight";
				INFOPLIST_KEY_UISupportedInterfaceOrientations_iPhone = "UIInterfaceOrientationPortrait UIInterfaceOrientationLandscapeLeft UIInterfaceOrientationLandscapeRight";
				IPHONEOS_DEPLOYMENT_TARGET = 15.0;
				LD_RUNPATH_SEARCH_PATHS = (
					"$(inherited)",
					"@executable_path/Frameworks",
				);
				MARKETING_VERSION = 1.0;
				PRODUCT_BUNDLE_IDENTIFIER = "-.CustomCameraClassdemo";
				PRODUCT_NAME = "$(TARGET_NAME)";
				SWIFT_EMIT_LOC_STRINGS = YES;
				SWIFT_VERSION = 5.0;
				TARGETED_DEVICE_FAMILY = "1,2";
			};
			name = Release;
		};
		097E319D29E27A9F0089FB45 /* Debug */ = {
			isa = XCBuildConfiguration;
			buildSettings = {
				ALWAYS_EMBED_SWIFT_STANDARD_LIBRARIES = YES;
				BUNDLE_LOADER = "$(TEST_HOST)";
				CODE_SIGN_STYLE = Automatic;
				CURRENT_PROJECT_VERSION = 1;
				GENERATE_INFOPLIST_FILE = YES;
				IPHONEOS_DEPLOYMENT_TARGET = 16.0;
				MARKETING_VERSION = 1.0;
				PRODUCT_BUNDLE_IDENTIFIER = "-.CustomCameraClassdemoTests";
				PRODUCT_NAME = "$(TARGET_NAME)";
				SWIFT_EMIT_LOC_STRINGS = NO;
				SWIFT_VERSION = 5.0;
				TARGETED_DEVICE_FAMILY = "1,2";
				TEST_HOST = "$(BUILT_PRODUCTS_DIR)/CustomCameraClassdemo.app/$(BUNDLE_EXECUTABLE_FOLDER_PATH)/CustomCameraClassdemo";
			};
			name = Debug;
		};
		097E319E29E27A9F0089FB45 /* Release */ = {
			isa = XCBuildConfiguration;
			buildSettings = {
				ALWAYS_EMBED_SWIFT_STANDARD_LIBRARIES = YES;
				BUNDLE_LOADER = "$(TEST_HOST)";
				CODE_SIGN_STYLE = Automatic;
				CURRENT_PROJECT_VERSION = 1;
				GENERATE_INFOPLIST_FILE = YES;
				IPHONEOS_DEPLOYMENT_TARGET = 16.0;
				MARKETING_VERSION = 1.0;
				PRODUCT_BUNDLE_IDENTIFIER = "-.CustomCameraClassdemoTests";
				PRODUCT_NAME = "$(TARGET_NAME)";
				SWIFT_EMIT_LOC_STRINGS = NO;
				SWIFT_VERSION = 5.0;
				TARGETED_DEVICE_FAMILY = "1,2";
				TEST_HOST = "$(BUILT_PRODUCTS_DIR)/CustomCameraClassdemo.app/$(BUNDLE_EXECUTABLE_FOLDER_PATH)/CustomCameraClassdemo";
			};
			name = Release;
		};
		097E31A029E27A9F0089FB45 /* Debug */ = {
			isa = XCBuildConfiguration;
			buildSettings = {
				ALWAYS_EMBED_SWIFT_STANDARD_LIBRARIES = YES;
				CODE_SIGN_STYLE = Automatic;
				CURRENT_PROJECT_VERSION = 1;
				GENERATE_INFOPLIST_FILE = YES;
				MARKETING_VERSION = 1.0;
				PRODUCT_BUNDLE_IDENTIFIER = "-.CustomCameraClassdemoUITests";
				PRODUCT_NAME = "$(TARGET_NAME)";
				SWIFT_EMIT_LOC_STRINGS = NO;
				SWIFT_VERSION = 5.0;
				TARGETED_DEVICE_FAMILY = "1,2";
				TEST_TARGET_NAME = CustomCameraClassdemo;
			};
			name = Debug;
		};
		097E31A129E27A9F0089FB45 /* Release */ = {
			isa = XCBuildConfiguration;
			buildSettings = {
				ALWAYS_EMBED_SWIFT_STANDARD_LIBRARIES = YES;
				CODE_SIGN_STYLE = Automatic;
				CURRENT_PROJECT_VERSION = 1;
				GENERATE_INFOPLIST_FILE = YES;
				MARKETING_VERSION = 1.0;
				PRODUCT_BUNDLE_IDENTIFIER = "-.CustomCameraClassdemoUITests";
				PRODUCT_NAME = "$(TARGET_NAME)";
				SWIFT_EMIT_LOC_STRINGS = NO;
				SWIFT_VERSION = 5.0;
				TARGETED_DEVICE_FAMILY = "1,2";
				TEST_TARGET_NAME = CustomCameraClassdemo;
			};
			name = Release;
		};
/* End XCBuildConfiguration section */

/* Begin XCConfigurationList section */
		097E316A29E27A9E0089FB45 /* Build configuration list for PBXProject "CustomCameraClassdemo" */ = {
			isa = XCConfigurationList;
			buildConfigurations = (
				097E319729E27A9F0089FB45 /* Debug */,
				097E319829E27A9F0089FB45 /* Release */,
			);
			defaultConfigurationIsVisible = 0;
			defaultConfigurationName = Release;
		};
		097E319929E27A9F0089FB45 /* Build configuration list for PBXNativeTarget "CustomCameraClassdemo" */ = {
			isa = XCConfigurationList;
			buildConfigurations = (
				097E319A29E27A9F0089FB45 /* Debug */,
				097E319B29E27A9F0089FB45 /* Release */,
			);
			defaultConfigurationIsVisible = 0;
			defaultConfigurationName = Release;
		};
		097E319C29E27A9F0089FB45 /* Build configuration list for PBXNativeTarget "CustomCameraClassdemoTests" */ = {
			isa = XCConfigurationList;
			buildConfigurations = (
				097E319D29E27A9F0089FB45 /* Debug */,
				097E319E29E27A9F0089FB45 /* Release */,
			);
			defaultConfigurationIsVisible = 0;
			defaultConfigurationName = Release;
		};
		097E319F29E27A9F0089FB45 /* Build configuration list for PBXNativeTarget "CustomCameraClassdemoUITests" */ = {
			isa = XCConfigurationList;
			buildConfigurations = (
				097E31A029E27A9F0089FB45 /* Debug */,
				097E31A129E27A9F0089FB45 /* Release */,
			);
			defaultConfigurationIsVisible = 0;
			defaultConfigurationName = Release;
		};
/* End XCConfigurationList section */
	};
	rootObject = 097E316729E27A9E0089FB45 /* Project object */;
}
